
Microsoft Visual Studio Solution File, Format Version 12.00
# Visual Studio 15
VisualStudioVersion = 15.0.28307.645
MinimumVisualStudioVersion = 10.0.40219.1
Project("{FAE04EC0-301F-11D3-BF4B-00C04F79EFBC}") = "mod-pro", "Source\mod-pro\mod-pro.csproj", "{E5AF52DE-85BD-4F19-9481-2A75D90ABD27}"
EndProject
Global
	GlobalSection(SolutionConfigurationPlatforms) = preSolution
		Editor|Any CPU = Editor|Any CPU
		Release|Any CPU = Release|Any CPU
	EndGlobalSection
	GlobalSection(ProjectConfigurationPlatforms) = postSolution
		{E5AF52DE-85BD-4F19-9481-2A75D90ABD27}.Editor|Any CPU.ActiveCfg = Editor|Any CPU
		{E5AF52DE-85BD-4F19-9481-2A75D90ABD27}.Editor|Any CPU.Build.0 = Editor|Any CPU
		{E5AF52DE-85BD-4F19-9481-2A75D90ABD27}.Release|Any CPU.ActiveCfg = Release|Any CPU
		{E5AF52DE-85BD-4F19-9481-2A75D90ABD27}.Release|Any CPU.Build.0 = Release|Any CPU
	EndGlobalSection
	GlobalSection(SolutionProperties) = preSolution
		HideSolutionNode = FALSE
	EndGlobalSection
	GlobalSection(ExtensibilityGlobals) = postSolution
		SolutionGuid = {67CA7C6A-62FF-4B98-8E97-653A6726F536}
	EndGlobalSection
EndGlobal
